
Microsoft Visual Studio Solution File, Format Version 12.00
# Visual Studio Version 17
VisualStudioVersion = 17.9.34728.123
MinimumVisualStudioVersion = 10.0.40219.1
Project("{9A19103F-16F7-4668-BE54-9A1E7A4F7556}") = "Alkolator", "Alkolator.csproj", "{360119CC-1751-4298-AA90-E43C0D9883FF}"
EndProject
Project("{FAE04EC0-301F-11D3-BF4B-00C04F79EFBC}") = "AlkoLib", "..\AlkoLib\AlkoLib.csproj", "{169C3B59-B82D-4167-AF94-6C020B15D6F7}"
EndProject
Global
	GlobalSection(SolutionConfigurationPlatforms) = preSolution
		Debug|Any CPU = Debug|Any CPU
		Release|Any CPU = Release|Any CPU
	EndGlobalSection
	GlobalSection(ProjectConfigurationPlatforms) = postSolution
		{360119CC-1751-4298-AA90-E43C0D9883FF}.Debug|Any CPU.ActiveCfg = Debug|Any CPU
		{360119CC-1751-4298-AA90-E43C0D9883FF}.Debug|Any CPU.Build.0 = Debug|Any CPU
		{360119CC-1751-4298-AA90-E43C0D9883FF}.Debug|Any CPU.Deploy.0 = Debug|Any CPU
		{360119CC-1751-4298-AA90-E43C0D9883FF}.Release|Any CPU.ActiveCfg = Release|Any CPU
		{360119CC-1751-4298-AA90-E43C0D9883FF}.Release|Any CPU.Build.0 = Release|Any CPU
		{360119CC-1751-4298-AA90-E43C0D9883FF}.Release|Any CPU.Deploy.0 = Release|Any CPU
		{169C3B59-B82D-4167-AF94-6C020B15D6F7}.Debug|Any CPU.ActiveCfg = Debug|Any CPU
		{169C3B59-B82D-4167-AF94-6C020B15D6F7}.Debug|Any CPU.Build.0 = Debug|Any CPU
		{169C3B59-B82D-4167-AF94-6C020B15D6F7}.Release|Any CPU.ActiveCfg = Release|Any CPU
		{169C3B59-B82D-4167-AF94-6C020B15D6F7}.Release|Any CPU.Build.0 = Release|Any CPU
	EndGlobalSection
	GlobalSection(SolutionProperties) = preSolution
		HideSolutionNode = FALSE
	EndGlobalSection
	GlobalSection(ExtensibilityGlobals) = postSolution
		SolutionGuid = {B4DC4C49-8D24-4C57-A9C6-DC4A8B54671E}
	EndGlobalSection
EndGlobal
